PODS:
  - Expecta (0.3.2)
  - mruby (0.1.0)
  - Specta (0.3.2)

DEPENDENCIES:
  - Expecta
  - mruby (from `../`)
  - Specta

EXTERNAL SOURCES:
  mruby:
    :path: ../

SPEC CHECKSUMS:
  Expecta: ee641011fe10aa1855d487b40e4976dac50ec342
  mruby: a2215aec2fed1e2a9dc51b0a50e6cc61307644f4
  Specta: 698a58ffa5ec948327d3b92eab50ca58d7f4fbe8

COCOAPODS: 0.35.0
